
Microsoft Visual Studio Solution File, Format Version 10.00
# Visual C# Express 2008
Project("{FAE04EC0-301F-11D3-BF4B-00C04F79EFBC}") = "CapacityOneDay", "CapacityOneDay\CapacityOneDay.csproj", "{466839FE-3E5A-4DB2-9B91-ACE3795E1C9C}"
EndProject
Project("{FAE04EC0-301F-11D3-BF4B-00C04F79EFBC}") = "Test", "Test\Test.csproj", "{F02B7D63-72B0-4DEF-8ABC-C435DA811088}"
EndProject
Global
	GlobalSection(SolutionConfigurationPlatforms) = preSolution
		Debug|Any CPU = Debug|Any CPU
		Release|Any CPU = Release|Any CPU
	EndGlobalSection
	GlobalSection(ProjectConfigurationPlatforms) = postSolution
		{466839FE-3E5A-4DB2-9B91-ACE3795E1C9C}.Debug|Any CPU.ActiveCfg = Debug|Any CPU
		{466839FE-3E5A-4DB2-9B91-ACE3795E1C9C}.Debug|Any CPU.Build.0 = Debug|Any CPU
		{466839FE-3E5A-4DB2-9B91-ACE3795E1C9C}.Release|Any CPU.ActiveCfg = Release|Any CPU
		{466839FE-3E5A-4DB2-9B91-ACE3795E1C9C}.Release|Any CPU.Build.0 = Release|Any CPU
		{F02B7D63-72B0-4DEF-8ABC-C435DA811088}.Debug|Any CPU.ActiveCfg = Debug|Any CPU
		{F02B7D63-72B0-4DEF-8ABC-C435DA811088}.Debug|Any CPU.Build.0 = Debug|Any CPU
		{F02B7D63-72B0-4DEF-8ABC-C435DA811088}.Release|Any CPU.ActiveCfg = Release|Any CPU
		{F02B7D63-72B0-4DEF-8ABC-C435DA811088}.Release|Any CPU.Build.0 = Release|Any CPU
	EndGlobalSection
	GlobalSection(SolutionProperties) = preSolution
		HideSolutionNode = FALSE
	EndGlobalSection
EndGlobal
